{
  "name": "ristretto-keys",
  "version": "0.1.0",
  "lockfileVersion": 1,
  "requires": true,
  "dependencies": {
    "ini": {
      "version": "1.3.8",
      "resolved": "https://registry.npmjs.org/ini/-/ini-1.3.8.tgz",
      "integrity": "sha512-JV/yugV2uzW5iMRSiZAyDtQd+nxtUnjeLt0acNdw98kKLrvuRVyB80tsREOE7yvGVgalhZ6RNXCmEHkUKBKxew=="
    },
    "node-gyp-build": {
      "version": "4.2.3",
      "resolved": "https://registry.npmjs.org/node-gyp-build/-/node-gyp-build-4.2.3.tgz",
      "integrity": "sha512-MN6ZpzmfNCRM+3t57PTJHgHyw/h4OWnZ6mR8P5j/uZtqQr46RRuDE/P+g3n0YR/AiYXeWixZZzaip77gdICfRg=="
    },
    "sodium-native": {
      "version": "git+https://github.com/sodium-friends/sodium-native.git#720ea876b9afb2761529db8d149e837dc9351750",
      "from": "git+https://github.com/sodium-friends/sodium-native.git#ristretto",
      "requires": {
        "ini": "^1.3.5",
        "node-gyp-build": "^4.2.0"
      }
    }
  }
}
